
Microsoft Visual Studio Solution File, Format Version 12.00
# Visual Studio Version 17
VisualStudioVersion = 17.14.37111.16 d17.14
MinimumVisualStudioVersion = 10.0.40219.1
Project("{FAE04EC0-301F-11D3-BF4B-00C04F79EFBC}") = "CSharpCodeGraph", "CSharpCodeGraph.csproj", "{B3CFD5CE-FEA3-4B2A-9AA3-F780EA0111F2}"
EndProject
Global
	GlobalSection(SolutionConfigurationPlatforms) = preSolution
		Debug|Any CPU = Debug|Any CPU
		Release|Any CPU = Release|Any CPU
	EndGlobalSection
	GlobalSection(ProjectConfigurationPlatforms) = postSolution
		{B3CFD5CE-FEA3-4B2A-9AA3-F780EA0111F2}.Debug|Any CPU.ActiveCfg = Debug|Any CPU
		{B3CFD5CE-FEA3-4B2A-9AA3-F780EA0111F2}.Debug|Any CPU.Build.0 = Debug|Any CPU
		{B3CFD5CE-FEA3-4B2A-9AA3-F780EA0111F2}.Release|Any CPU.ActiveCfg = Release|Any CPU
		{B3CFD5CE-FEA3-4B2A-9AA3-F780EA0111F2}.Release|Any CPU.Build.0 = Release|Any CPU
	EndGlobalSection
	GlobalSection(SolutionProperties) = preSolution
		HideSolutionNode = FALSE
	EndGlobalSection
	GlobalSection(ExtensibilityGlobals) = postSolution
		SolutionGuid = {3BA1E982-2539-430D-9914-34B1884C5187}
	EndGlobalSection
EndGlobal
